
Microsoft Visual Studio Solution File, Format Version 12.00
# Visual Studio Version 17
VisualStudioVersion = 17.5.2.0
MinimumVisualStudioVersion = 10.0.40219.1
Project("{2150E333-8FDC-42A3-9474-1A3956D46DE8}") = "bench", "bench", "{760AB15A-8938-8D9B-BEDE-5CE1484B84C3}"
EndProject
Project("{2150E333-8FDC-42A3-9474-1A3956D46DE8}") = "tests", "tests", "{0AB3BF05-4346-4AA6-1389-037BE0695223}"
EndProject
Project("{2150E333-8FDC-42A3-9474-1A3956D46DE8}") = "src", "src", "{827E0CD3-B72D-47B6-A68D-7590B98EB39B}"
EndProject
Project("{FAE04EC0-301F-11D3-BF4B-00C04F79EFBC}") = "Asterism.Benchmarks", "bench\Asterism.Benchmarks\Asterism.Benchmarks.csproj", "{AD0093AD-9972-767D-E0BF-A070CBD80156}"
EndProject
Project("{FAE04EC0-301F-11D3-BF4B-00C04F79EFBC}") = "Asterism.Coordinates.Tests", "tests\Asterism.Coordinates.Tests\Asterism.Coordinates.Tests.csproj", "{C9DB3FD6-C3E6-0D88-699B-AFC485014461}"
EndProject
Project("{FAE04EC0-301F-11D3-BF4B-00C04F79EFBC}") = "Asterism.Time.Tests", "tests\Asterism.Time.Tests\Asterism.Time.Tests.csproj", "{6028D7FB-EAAF-9114-0D27-59FABDC15442}"
EndProject
Project("{FAE04EC0-301F-11D3-BF4B-00C04F79EFBC}") = "Asterism.Coordinates", "src\Asterism.Coordinates\Asterism.Coordinates.csproj", "{5247B403-DCF9-76BD-0A48-24B40A7D89F1}"
EndProject
Project("{FAE04EC0-301F-11D3-BF4B-00C04F79EFBC}") = "Asterism.Time", "src\Asterism.Time\Asterism.Time.csproj", "{B65A673A-CF77-65D5-9570-6F4699CE87BA}"
EndProject
Global
	GlobalSection(SolutionConfigurationPlatforms) = preSolution
		Debug|Any CPU = Debug|Any CPU
		Debug|x64 = Debug|x64
		Debug|x86 = Debug|x86
		Release|Any CPU = Release|Any CPU
		Release|x64 = Release|x64
		Release|x86 = Release|x86
	EndGlobalSection
	GlobalSection(ProjectConfigurationPlatforms) = postSolution
		{AD0093AD-9972-767D-E0BF-A070CBD80156}.Debug|Any CPU.ActiveCfg = Debug|Any CPU
		{AD0093AD-9972-767D-E0BF-A070CBD80156}.Debug|Any CPU.Build.0 = Debug|Any CPU
		{AD0093AD-9972-767D-E0BF-A070CBD80156}.Debug|x64.ActiveCfg = Debug|Any CPU
		{AD0093AD-9972-767D-E0BF-A070CBD80156}.Debug|x64.Build.0 = Debug|Any CPU
		{AD0093AD-9972-767D-E0BF-A070CBD80156}.Debug|x86.ActiveCfg = Debug|Any CPU
		{AD0093AD-9972-767D-E0BF-A070CBD80156}.Debug|x86.Build.0 = Debug|Any CPU
		{AD0093AD-9972-767D-E0BF-A070CBD80156}.Release|Any CPU.ActiveCfg = Release|Any CPU
		{AD0093AD-9972-767D-E0BF-A070CBD80156}.Release|Any CPU.Build.0 = Release|Any CPU
		{AD0093AD-9972-767D-E0BF-A070CBD80156}.Release|x64.ActiveCfg = Release|Any CPU
		{AD0093AD-9972-767D-E0BF-A070CBD80156}.Release|x64.Build.0 = Release|Any CPU
		{AD0093AD-9972-767D-E0BF-A070CBD80156}.Release|x86.ActiveCfg = Release|Any CPU
		{AD0093AD-9972-767D-E0BF-A070CBD80156}.Release|x86.Build.0 = Release|Any CPU
		{C9DB3FD6-C3E6-0D88-699B-AFC485014461}.Debug|Any CPU.ActiveCfg = Debug|Any CPU
		{C9DB3FD6-C3E6-0D88-699B-AFC485014461}.Debug|Any CPU.Build.0 = Debug|Any CPU
		{C9DB3FD6-C3E6-0D88-699B-AFC485014461}.Debug|x64.ActiveCfg = Debug|Any CPU
		{C9DB3FD6-C3E6-0D88-699B-AFC485014461}.Debug|x64.Build.0 = Debug|Any CPU
		{C9DB3FD6-C3E6-0D88-699B-AFC485014461}.Debug|x86.ActiveCfg = Debug|Any CPU
		{C9DB3FD6-C3E6-0D88-699B-AFC485014461}.Debug|x86.Build.0 = Debug|Any CPU
		{C9DB3FD6-C3E6-0D88-699B-AFC485014461}.Release|Any CPU.ActiveCfg = Release|Any CPU
		{C9DB3FD6-C3E6-0D88-699B-AFC485014461}.Release|Any CPU.Build.0 = Release|Any CPU
		{C9DB3FD6-C3E6-0D88-699B-AFC485014461}.Release|x64.ActiveCfg = Release|Any CPU
		{C9DB3FD6-C3E6-0D88-699B-AFC485014461}.Release|x64.Build.0 = Release|Any CPU
		{C9DB3FD6-C3E6-0D88-699B-AFC485014461}.Release|x86.ActiveCfg = Release|Any CPU
		{C9DB3FD6-C3E6-0D88-699B-AFC485014461}.Release|x86.Build.0 = Release|Any CPU
		{6028D7FB-EAAF-9114-0D27-59FABDC15442}.Debug|Any CPU.ActiveCfg = Debug|Any CPU
		{6028D7FB-EAAF-9114-0D27-59FABDC15442}.Debug|Any CPU.Build.0 = Debug|Any CPU
		{6028D7FB-EAAF-9114-0D27-59FABDC15442}.Debug|x64.ActiveCfg = Debug|Any CPU
		{6028D7FB-EAAF-9114-0D27-59FABDC15442}.Debug|x64.Build.0 = Debug|Any CPU
		{6028D7FB-EAAF-9114-0D27-59FABDC15442}.Debug|x86.ActiveCfg = Debug|Any CPU
		{6028D7FB-EAAF-9114-0D27-59FABDC15442}.Debug|x86.Build.0 = Debug|Any CPU
		{6028D7FB-EAAF-9114-0D27-59FABDC15442}.Release|Any CPU.ActiveCfg = Release|Any CPU
		{6028D7FB-EAAF-9114-0D27-59FABDC15442}.Release|Any CPU.Build.0 = Release|Any CPU
		{6028D7FB-EAAF-9114-0D27-59FABDC15442}.Release|x64.ActiveCfg = Release|Any CPU
		{6028D7FB-EAAF-9114-0D27-59FABDC15442}.Release|x64.Build.0 = Release|Any CPU
		{6028D7FB-EAAF-9114-0D27-59FABDC15442}.Release|x86.ActiveCfg = Release|Any CPU
		{6028D7FB-EAAF-9114-0D27-59FABDC15442}.Release|x86.Build.0 = Release|Any CPU
		{5247B403-DCF9-76BD-0A48-24B40A7D89F1}.Debug|Any CPU.ActiveCfg = Debug|Any CPU
		{5247B403-DCF9-76BD-0A48-24B40A7D89F1}.Debug|Any CPU.Build.0 = Debug|Any CPU
		{5247B403-DCF9-76BD-0A48-24B40A7D89F1}.Debug|x64.ActiveCfg = Debug|Any CPU
		{5247B403-DCF9-76BD-0A48-24B40A7D89F1}.Debug|x64.Build.0 = Debug|Any CPU
		{5247B403-DCF9-76BD-0A48-24B40A7D89F1}.Debug|x86.ActiveCfg = Debug|Any CPU
		{5247B403-DCF9-76BD-0A48-24B40A7D89F1}.Debug|x86.Build.0 = Debug|Any CPU
		{5247B403-DCF9-76BD-0A48-24B40A7D89F1}.Release|Any CPU.ActiveCfg = Release|Any CPU
		{5247B403-DCF9-76BD-0A48-24B40A7D89F1}.Release|Any CPU.Build.0 = Release|Any CPU
		{5247B403-DCF9-76BD-0A48-24B40A7D89F1}.Release|x64.ActiveCfg = Release|Any CPU
		{5247B403-DCF9-76BD-0A48-24B40A7D89F1}.Release|x64.Build.0 = Release|Any CPU
		{5247B403-DCF9-76BD-0A48-24B40A7D89F1}.Release|x86.ActiveCfg = Release|Any CPU
		{5247B403-DCF9-76BD-0A48-24B40A7D89F1}.Release|x86.Build.0 = Release|Any CPU
		{B65A673A-CF77-65D5-9570-6F4699CE87BA}.Debug|Any CPU.ActiveCfg = Debug|Any CPU
		{B65A673A-CF77-65D5-9570-6F4699CE87BA}.Debug|Any CPU.Build.0 = Debug|Any CPU
		{B65A673A-CF77-65D5-9570-6F4699CE87BA}.Debug|x64.ActiveCfg = Debug|Any CPU
		{B65A673A-CF77-65D5-9570-6F4699CE87BA}.Debug|x64.Build.0 = Debug|Any CPU
		{B65A673A-CF77-65D5-9570-6F4699CE87BA}.Debug|x86.ActiveCfg = Debug|Any CPU
		{B65A673A-CF77-65D5-9570-6F4699CE87BA}.Debug|x86.Build.0 = Debug|Any CPU
		{B65A673A-CF77-65D5-9570-6F4699CE87BA}.Release|Any CPU.ActiveCfg = Release|Any CPU
		{B65A673A-CF77-65D5-9570-6F4699CE87BA}.Release|Any CPU.Build.0 = Release|Any CPU
		{B65A673A-CF77-65D5-9570-6F4699CE87BA}.Release|x64.ActiveCfg = Release|Any CPU
		{B65A673A-CF77-65D5-9570-6F4699CE87BA}.Release|x64.Build.0 = Release|Any CPU
		{B65A673A-CF77-65D5-9570-6F4699CE87BA}.Release|x86.ActiveCfg = Release|Any CPU
		{B65A673A-CF77-65D5-9570-6F4699CE87BA}.Release|x86.Build.0 = Release|Any CPU
	EndGlobalSection
	GlobalSection(SolutionProperties) = preSolution
		HideSolutionNode = FALSE
	EndGlobalSection
	GlobalSection(NestedProjects) = preSolution
		{AD0093AD-9972-767D-E0BF-A070CBD80156} = {760AB15A-8938-8D9B-BEDE-5CE1484B84C3}
		{C9DB3FD6-C3E6-0D88-699B-AFC485014461} = {0AB3BF05-4346-4AA6-1389-037BE0695223}
		{6028D7FB-EAAF-9114-0D27-59FABDC15442} = {0AB3BF05-4346-4AA6-1389-037BE0695223}
		{5247B403-DCF9-76BD-0A48-24B40A7D89F1} = {827E0CD3-B72D-47B6-A68D-7590B98EB39B}
		{B65A673A-CF77-65D5-9570-6F4699CE87BA} = {827E0CD3-B72D-47B6-A68D-7590B98EB39B}
	EndGlobalSection
	GlobalSection(ExtensibilityGlobals) = postSolution
		SolutionGuid = {4B5C975F-4758-4C20-8A27-14695EBF5719}
	EndGlobalSection
EndGlobal
